
Microsoft Visual Studio Solution File, Format Version 12.00
Project("{FAE04EC0-301F-11D3-BF4B-00C04F79EFBC}") = "MovieLibraryFinal", "MovieLibraryFinal\MovieLibraryFinal.csproj", "{F55C4459-EB95-42AC-BDF1-61DF8331CE19}"
EndProject
Global
	GlobalSection(SolutionConfigurationPlatforms) = preSolution
		Debug|Any CPU = Debug|Any CPU
		Release|Any CPU = Release|Any CPU
	EndGlobalSection
	GlobalSection(ProjectConfigurationPlatforms) = postSolution
		{F55C4459-EB95-42AC-BDF1-61DF8331CE19}.Debug|Any CPU.ActiveCfg = Debug|Any CPU
		{F55C4459-EB95-42AC-BDF1-61DF8331CE19}.Debug|Any CPU.Build.0 = Debug|Any CPU
		{F55C4459-EB95-42AC-BDF1-61DF8331CE19}.Release|Any CPU.ActiveCfg = Release|Any CPU
		{F55C4459-EB95-42AC-BDF1-61DF8331CE19}.Release|Any CPU.Build.0 = Release|Any CPU
	EndGlobalSection
EndGlobal
